
Microsoft Visual Studio Solution File, Format Version 12.00
# Visual Studio Version 16
VisualStudioVersion = 16.0.34031.81
MinimumVisualStudioVersion = 10.0.40219.1
Project("{FAE04EC0-301F-11D3-BF4B-00C04F79EFBC}") = "RubiconTestTask", "RubiconTestTask\RubiconTestTask.csproj", "{AB1C2401-11DC-4BE7-B3B6-573D97FC1A2F}"
EndProject
Global
	GlobalSection(SolutionConfigurationPlatforms) = preSolution
		Debug|Any CPU = Debug|Any CPU
		Release|Any CPU = Release|Any CPU
	EndGlobalSection
	GlobalSection(ProjectConfigurationPlatforms) = postSolution
		{AB1C2401-11DC-4BE7-B3B6-573D97FC1A2F}.Debug|Any CPU.ActiveCfg = Debug|Any CPU
		{AB1C2401-11DC-4BE7-B3B6-573D97FC1A2F}.Debug|Any CPU.Build.0 = Debug|Any CPU
		{AB1C2401-11DC-4BE7-B3B6-573D97FC1A2F}.Release|Any CPU.ActiveCfg = Release|Any CPU
		{AB1C2401-11DC-4BE7-B3B6-573D97FC1A2F}.Release|Any CPU.Build.0 = Release|Any CPU
	EndGlobalSection
	GlobalSection(SolutionProperties) = preSolution
		HideSolutionNode = FALSE
	EndGlobalSection
	GlobalSection(ExtensibilityGlobals) = postSolution
		SolutionGuid = {A91AE26E-9086-4E55-AADA-4DDFCE25B2C0}
	EndGlobalSection
EndGlobal
